// !$*UTF8*$!
{
	archiveVersion = 1;
	classes = {
	};
	objectVersion = 56;
	objects = {

/* Begin PBXBuildFile section */
		854654D22AB5049B00A14773 /* AppDelegate.swift in Sources */ = {isa = PBXBuildFile; fileRef = 854654D12AB5049B00A14773 /* AppDelegate.swift */; };
		854654D42AB5049B00A14773 /* SceneDelegate.swift in Sources */ = {isa = PBXBuildFile; fileRef = 854654D32AB5049B00A14773 /* SceneDelegate.swift */; };
		854654D62AB5049B00A14773 /* ViewController.swift in Sources */ = {isa = PBXBuildFile; fileRef = 854654D52AB5049B00A14773 /* ViewController.swift */; };
		854654D92AB5049B00A14773 /* Main.storyboard in Resources */ = {isa = PBXBuildFile; fileRef = 854654D72AB5049B00A14773 /* Main.storyboard */; };
		854654DB2AB5049C00A14773 /* Assets.xcassets in Resources */ = {isa = PBXBuildFile; fileRef = 854654DA2AB5049C00A14773 /* Assets.xcassets */; };
		854654DE2AB5049C00A14773 /* LaunchScreen.storyboard in Resources */ = {isa = PBXBuildFile; fileRef = 854654DC2AB5049C00A14773 /* LaunchScreen.storyboard */; };
		85B10B822AB5D2E200BBEF0D /* Post.swift in Sources */ = {isa = PBXBuildFile; fileRef = 85B10B812AB5D2E200BBEF0D /* Post.swift */; };
		85B9D1412AB59BE700FBF004 /* GoogleService-Info.plist in Resources */ = {isa = PBXBuildFile; fileRef = 85B9D1402AB59BE700FBF004 /* GoogleService-Info.plist */; };
		85B9D1442AB5A29900FBF004 /* FirebaseAuth in Frameworks */ = {isa = PBXBuildFile; productRef = 85B9D1432AB5A29900FBF004 /* FirebaseAuth */; };
		85B9D1462AB5A29900FBF004 /* FirebaseFirestore in Frameworks */ = {isa = PBXBuildFile; productRef = 85B9D1452AB5A29900FBF004 /* FirebaseFirestore */; };
		85B9D1482AB5A29900FBF004 /* FirebaseStorage in Frameworks */ = {isa = PBXBuildFile; productRef = 85B9D1472AB5A29900FBF004 /* FirebaseStorage */; };
		85B9D14A2AB5A75400FBF004 /* FeedViewController.swift in Sources */ = {isa = PBXBuildFile; fileRef = 85B9D1492AB5A75400FBF004 /* FeedViewController.swift */; };
		85B9D14C2AB5A76000FBF004 /* UploadViewController.swift in Sources */ = {isa = PBXBuildFile; fileRef = 85B9D14B2AB5A76000FBF004 /* UploadViewController.swift */; };
		85B9D14E2AB5A76A00FBF004 /* SettingsViewController.swift in Sources */ = {isa = PBXBuildFile; fileRef = 85B9D14D2AB5A76A00FBF004 /* SettingsViewController.swift */; };
		85B9D1502AB5C7F200FBF004 /* FeedCell.swift in Sources */ = {isa = PBXBuildFile; fileRef = 85B9D14F2AB5C7F200FBF004 /* FeedCell.swift */; };
/* End PBXBuildFile section */

/* Begin PBXFileReference section */
		20FF69D34A464D7B6CC79C99 /* Pods-PhotoShareApp.debug.xcconfig */ = {isa = PBXFileReference; includeInIndex = 1; lastKnownFileType = text.xcconfig; name = "Pods-PhotoShareApp.debug.xcconfig"; path = "Target Support Files/Pods-PhotoShareApp/Pods-PhotoShareApp.debug.xcconfig"; sourceTree = "<group>"; };
		854654CE2AB5049B00A14773 /* PhotoShareApp.app */ = {isa = PBXFileReference; explicitFileType = wrapper.application; includeInIndex = 0; path = PhotoShareApp.app; sourceTree = BUILT_PRODUCTS_DIR; };
		854654D12AB5049B00A14773 /* AppDelegate.swift */ = {isa = PBXFileReference; lastKnownFileType = sourcecode.swift; path = AppDelegate.swift; sourceTree = "<group>"; };
		854654D32AB5049B00A14773 /* SceneDelegate.swift */ = {isa = PBXFileReference; lastKnownFileType = sourcecode.swift; path = SceneDelegate.swift; sourceTree = "<group>"; };
		854654D52AB5049B00A14773 /* ViewController.swift */ = {isa = PBXFileReference; lastKnownFileType = sourcecode.swift; path = ViewController.swift; sourceTree = "<group>"; };
		854654D82AB5049B00A14773 /* Base */ = {isa = PBXFileReference; lastKnownFileType = file.storyboard; name = Base; path = Base.lproj/Main.storyboard; sourceTree = "<group>"; };
		854654DA2AB5049C00A14773 /* Assets.xcassets */ = {isa = PBXFileReference; lastKnownFileType = folder.assetcatalog; path = Assets.xcassets; sourceTree = "<group>"; };
		854654DD2AB5049C00A14773 /* Base */ = {isa = PBXFileReference; lastKnownFileType = file.storyboard; name = Base; path = Base.lproj/LaunchScreen.storyboard; sourceTree = "<group>"; };
		854654DF2AB5049C00A14773 /* Info.plist */ = {isa = PBXFileReference; lastKnownFileType = text.plist.xml; path = Info.plist; sourceTree = "<group>"; };
		85B10B812AB5D2E200BBEF0D /* Post.swift */ = {isa = PBXFileReference; lastKnownFileType = sourcecode.swift; path = Post.swift; sourceTree = "<group>"; };
		85B9D1402AB59BE700FBF004 /* GoogleService-Info.plist */ = {isa = PBXFileReference; fileEncoding = 4; lastKnownFileType = text.plist.xml; path = "GoogleService-Info.plist"; sourceTree = "<group>"; };
		85B9D1492AB5A75400FBF004 /* FeedViewController.swift */ = {isa = PBXFileReference; lastKnownFileType = sourcecode.swift; path = FeedViewController.swift; sourceTree = "<group>"; };
		85B9D14B2AB5A76000FBF004 /* UploadViewController.swift */ = {isa = PBXFileReference; lastKnownFileType = sourcecode.swift; path = UploadViewController.swift; sourceTree = "<group>"; };
		85B9D14D2AB5A76A00FBF004 /* SettingsViewController.swift */ = {isa = PBXFileReference; lastKnownFileType = sourcecode.swift; path = SettingsViewController.swift; sourceTree = "<group>"; };
		85B9D14F2AB5C7F200FBF004 /* FeedCell.swift */ = {isa = PBXFileReference; lastKnownFileType = sourcecode.swift; path = FeedCell.swift; sourceTree = "<group>"; };
		A8475DCE962A99505BC79CA6 /* Pods-PhotoShareApp.release.xcconfig */ = {isa = PBXFileReference; includeInIndex = 1; lastKnownFileType = text.xcconfig; name = "Pods-PhotoShareApp.release.xcconfig"; path = "Target Support Files/Pods-PhotoShareApp/Pods-PhotoShareApp.release.xcconfig"; sourceTree = "<group>"; };
/* End PBXFileReference section */

/* Begin PBXFrameworksBuildPhase section */
		854654CB2AB5049B00A14773 /* Frameworks */ = {
			isa = PBXFrameworksBuildPhase;
			buildActionMask = 2147483647;
			files = (
				85B9D1442AB5A29900FBF004 /* FirebaseAuth in Frameworks */,
				85B9D1462AB5A29900FBF004 /* FirebaseFirestore in Frameworks */,
				85B9D1482AB5A29900FBF004 /* FirebaseStorage in Frameworks */,
			);
			runOnlyForDeploymentPostprocessing = 0;
		};
/* End PBXFrameworksBuildPhase section */

/* Begin PBXGroup section */
		595975BBBFF87323BA1D9CA1 /* Pods */ = {
			isa = PBXGroup;
			children = (
				20FF69D34A464D7B6CC79C99 /* Pods-PhotoShareApp.debug.xcconfig */,
				A8475DCE962A99505BC79CA6 /* Pods-PhotoShareApp.release.xcconfig */,
			);
			path = Pods;
			sourceTree = "<group>";
		};
		854654C52AB5049B00A14773 = {
			isa = PBXGroup;
			children = (
				854654D02AB5049B00A14773 /* PhotoShareApp */,
				854654CF2AB5049B00A14773 /* Products */,
				595975BBBFF87323BA1D9CA1 /* Pods */,
				A368DF92792DD6560E7083A5 /* Frameworks */,
			);
			sourceTree = "<group>";
		};
		854654CF2AB5049B00A14773 /* Products */ = {
			isa = PBXGroup;
			children = (
				854654CE2AB5049B00A14773 /* PhotoShareApp.app */,
			);
			name = Products;
			sourceTree = "<group>";
		};
		854654D02AB5049B00A14773 /* PhotoShareApp */ = {
			isa = PBXGroup;
			children = (
				85B9D1402AB59BE700FBF004 /* GoogleService-Info.plist */,
				854654D12AB5049B00A14773 /* AppDelegate.swift */,
				854654D32AB5049B00A14773 /* SceneDelegate.swift */,
				854654D52AB5049B00A14773 /* ViewController.swift */,
				854654D72AB5049B00A14773 /* Main.storyboard */,
				854654DA2AB5049C00A14773 /* Assets.xcassets */,
				854654DC2AB5049C00A14773 /* LaunchScreen.storyboard */,
				854654DF2AB5049C00A14773 /* Info.plist */,
				85B9D1492AB5A75400FBF004 /* FeedViewController.swift */,
				85B9D14B2AB5A76000FBF004 /* UploadViewController.swift */,
				85B9D14D2AB5A76A00FBF004 /* SettingsViewController.swift */,
				85B9D14F2AB5C7F200FBF004 /* FeedCell.swift */,
				85B10B812AB5D2E200BBEF0D /* Post.swift */,
			);
			path = PhotoShareApp;
			sourceTree = "<group>";
		};
		A368DF92792DD6560E7083A5 /* Frameworks */ = {
			isa = PBXGroup;
			children = (
			);
			name = Frameworks;
			sourceTree = "<group>";
		};
/* End PBXGroup section */

/* Begin PBXNativeTarget section */
		854654CD2AB5049B00A14773 /* PhotoShareApp */ = {
			isa = PBXNativeTarget;
			buildConfigurationList = 854654E22AB5049C00A14773 /* Build configuration list for PBXNativeTarget "PhotoShareApp" */;
			buildPhases = (
				5541197F6149A24EB236B688 /* [CP] Check Pods Manifest.lock */,
				854654CA2AB5049B00A14773 /* Sources */,
				854654CB2AB5049B00A14773 /* Frameworks */,
				854654CC2AB5049B00A14773 /* Resources */,
				C13E004FD5CFEAF73F93380C /* [CP] Embed Pods Frameworks */,
			);
			buildRules = (
			);
			dependencies = (
			);
			name = PhotoShareApp;
			packageProductDependencies = (
				85B9D1432AB5A29900FBF004 /* FirebaseAuth */,
				85B9D1452AB5A29900FBF004 /* FirebaseFirestore */,
				85B9D1472AB5A29900FBF004 /* FirebaseStorage */,
			);
			productName = PhotoShareApp;
			productReference = 854654CE2AB5049B00A14773 /* PhotoShareApp.app */;
			productType = "com.apple.product-type.application";
		};
/* End PBXNativeTarget section */

/* Begin PBXProject section */
		854654C62AB5049B00A14773 /* Project object */ = {
			isa = PBXProject;
			attributes = {
				BuildIndependentTargetsInParallel = 1;
				LastSwiftUpdateCheck = 1430;
				LastUpgradeCheck = 1430;
				TargetAttributes = {
					854654CD2AB5049B00A14773 = {
						CreatedOnToolsVersion = 14.3.1;
					};
				};
			};
			buildConfigurationList = 854654C92AB5049B00A14773 /* Build configuration list for PBXProject "PhotoShareApp" */;
			compatibilityVersion = "Xcode 14.0";
			developmentRegion = en;
			hasScannedForEncodings = 0;
			knownRegions = (
				en,
				Base,
			);
			mainGroup = 854654C52AB5049B00A14773;
			packageReferences = (
				85B9D1422AB5A29900FBF004 /* XCRemoteSwiftPackageReference "firebase-ios-sdk" */,
			);
			productRefGroup = 854654CF2AB5049B00A14773 /* Products */;
			projectDirPath = "";
			projectRoot = "";
			targets = (
				854654CD2AB5049B00A14773 /* PhotoShareApp */,
			);
		};
/* End PBXProject section */

/* Begin PBXResourcesBuildPhase section */
		854654CC2AB5049B00A14773 /* Resources */ = {
			isa = PBXResourcesBuildPhase;
			buildActionMask = 2147483647;
			files = (
				854654DE2AB5049C00A14773 /* LaunchScreen.storyboard in Resources */,
				85B9D1412AB59BE700FBF004 /* GoogleService-Info.plist in Resources */,
				854654DB2AB5049C00A14773 /* Assets.xcassets in Resources */,
				854654D92AB5049B00A14773 /* Main.storyboard in Resources */,
			);
			runOnlyForDeploymentPostprocessing = 0;
		};
/* End PBXResourcesBuildPhase section */

/* Begin PBXShellScriptBuildPhase section */
		5541197F6149A24EB236B688 /* [CP] Check Pods Manifest.lock */ = {
			isa = PBXShellScriptBuildPhase;
			buildActionMask = 2147483647;
			files = (
			);
			inputFileListPaths = (
			);
			inputPaths = (
				"${PODS_PODFILE_DIR_PATH}/Podfile.lock",
				"${PODS_ROOT}/Manifest.lock",
			);
			name = "[CP] Check Pods Manifest.lock";
			outputFileListPaths = (
			);
			outputPaths = (
				"$(DERIVED_FILE_DIR)/Pods-PhotoShareApp-checkManifestLockResult.txt",
			);
			runOnlyForDeploymentPostprocessing = 0;
			shellPath = /bin/sh;
			shellScript = "diff \"${PODS_PODFILE_DIR_PATH}/Podfile.lock\" \"${PODS_ROOT}/Manifest.lock\" > /dev/null\nif [ $? != 0 ] ; then\n    # print error to STDERR\n    echo \"error: The sandbox is not in sync with the Podfile.lock. Run 'pod install' or update your CocoaPods installation.\" >&2\n    exit 1\nfi\n# This output is used by Xcode 'outputs' to avoid re-running this script phase.\necho \"SUCCESS\" > \"${SCRIPT_OUTPUT_FILE_0}\"\n";
			showEnvVarsInLog = 0;
		};
		C13E004FD5CFEAF73F93380C /* [CP] Embed Pods Frameworks */ = {
			isa = PBXShellScriptBuildPhase;
			buildActionMask = 2147483647;
			files = (
			);
			inputFileListPaths = (
				"${PODS_ROOT}/Target Support Files/Pods-PhotoShareApp/Pods-PhotoShareApp-frameworks-${CONFIGURATION}-input-files.xcfilelist",
			);
			name = "[CP] Embed Pods Frameworks";
			outputFileListPaths = (
				"${PODS_ROOT}/Target Support Files/Pods-PhotoShareApp/Pods-PhotoShareApp-frameworks-${CONFIGURATION}-output-files.xcfilelist",
			);
			runOnlyForDeploymentPostprocessing = 0;
			shellPath = /bin/sh;
			shellScript = "\"${PODS_ROOT}/Target Support Files/Pods-PhotoShareApp/Pods-PhotoShareApp-frameworks.sh\"\n";
			showEnvVarsInLog = 0;
		};
/* End PBXShellScriptBuildPhase section */

/* Begin PBXSourcesBuildPhase section */
		854654CA2AB5049B00A14773 /* Sources */ = {
			isa = PBXSourcesBuildPhase;
			buildActionMask = 2147483647;
			files = (
				85B9D1502AB5C7F200FBF004 /* FeedCell.swift in Sources */,
				854654D62AB5049B00A14773 /* ViewController.swift in Sources */,
				85B9D14C2AB5A76000FBF004 /* UploadViewController.swift in Sources */,
				85B10B822AB5D2E200BBEF0D /* Post.swift in Sources */,
				854654D22AB5049B00A14773 /* AppDelegate.swift in Sources */,
				85B9D14A2AB5A75400FBF004 /* FeedViewController.swift in Sources */,
				854654D42AB5049B00A14773 /* SceneDelegate.swift in Sources */,
				85B9D14E2AB5A76A00FBF004 /* SettingsViewController.swift in Sources */,
			);
			runOnlyForDeploymentPostprocessing = 0;
		};
/* End PBXSourcesBuildPhase section */

/* Begin PBXVariantGroup section */
		854654D72AB5049B00A14773 /* Main.storyboard */ = {
			isa = PBXVariantGroup;
			children = (
				854654D82AB5049B00A14773 /* Base */,
			);
			name = Main.storyboard;
			sourceTree = "<group>";
		};
		854654DC2AB5049C00A14773 /* LaunchScreen.storyboard */ = {
			isa = PBXVariantGroup;
			children = (
				854654DD2AB5049C00A14773 /* Base */,
			);
			name = LaunchScreen.storyboard;
			sourceTree = "<group>";
		};
/* End PBXVariantGroup section */

/* Begin XCBuildConfiguration section */
		854654E02AB5049C00A14773 /* Debug */ = {
			isa = XCBuildConfiguration;
			buildSettings = {
				ALWAYS_SEARCH_USER_PATHS = NO;
				CLANG_ANALYZER_NONNULL = YES;
				CLANG_ANALYZER_NUMBER_OBJECT_CONVERSION = YES_AGGRESSIVE;
				CLANG_CXX_LANGUAGE_STANDARD = "gnu++20";
				CLANG_ENABLE_MODULES = YES;
				CLANG_ENABLE_OBJC_ARC = YES;
				CLANG_ENABLE_OBJC_WEAK = YES;
				CLANG_WARN_BLOCK_CAPTURE_AUTORELEASING = YES;
				CLANG_WARN_BOOL_CONVERSION = YES;
				CLANG_WARN_COMMA = YES;
				CLANG_WARN_CONSTANT_CONVERSION = YES;
				CLANG_WARN_DEPRECATED_OBJC_IMPLEMENTATIONS = YES;
				CLANG_WARN_DIRECT_OBJC_ISA_USAGE = YES_ERROR;
				CLANG_WARN_DOCUMENTATION_COMMENTS = YES;
				CLANG_WARN_EMPTY_BODY = YES;
				CLANG_WARN_ENUM_CONVERSION = YES;
				CLANG_WARN_INFINITE_RECURSION = YES;
				CLANG_WARN_INT_CONVERSION = YES;
				CLANG_WARN_NON_LITERAL_NULL_CONVERSION = YES;
				CLANG_WARN_OBJC_IMPLICIT_RETAIN_SELF = YES;
				CLANG_WARN_OBJC_LITERAL_CONVERSION = YES;
				CLANG_WARN_OBJC_ROOT_CLASS = YES_ERROR;
				CLANG_WARN_QUOTED_INCLUDE_IN_FRAMEWORK_HEADER = YES;
				CLANG_WARN_RANGE_LOOP_ANALYSIS = YES;
				CLANG_WARN_STRICT_PROTOTYPES = YES;
				CLANG_WARN_SUSPICIOUS_MOVE = YES;
				CLANG_WARN_UNGUARDED_AVAILABILITY = YES_AGGRESSIVE;
				CLANG_WARN_UNREACHABLE_CODE = YES;
				CLANG_WARN__DUPLICATE_METHOD_MATCH = YES;
				COPY_PHASE_STRIP = NO;
				DEBUG_INFORMATION_FORMAT = dwarf;
				ENABLE_STRICT_OBJC_MSGSEND = YES;
				ENABLE_TESTABILITY = YES;
				GCC_C_LANGUAGE_STANDARD = gnu11;
				GCC_DYNAMIC_NO_PIC = NO;
				GCC_NO_COMMON_BLOCKS = YES;
				GCC_OPTIMIZATION_LEVEL = 0;
				GCC_PREPROCESSOR_DEFINITIONS = (
					"DEBUG=1",
					"$(inherited)",
				);
				GCC_WARN_64_TO_32_BIT_CONVERSION = YES;
				GCC_WARN_ABOUT_RETURN_TYPE = YES_ERROR;
				GCC_WARN_UNDECLARED_SELECTOR = YES;
				GCC_WARN_UNINITIALIZED_AUTOS = YES_AGGRESSIVE;
				GCC_WARN_UNUSED_FUNCTION = YES;
				GCC_WARN_UNUSED_VARIABLE = YES;
				IPHONEOS_DEPLOYMENT_TARGET = 16.4;
				MTL_ENABLE_DEBUG_INFO = INCLUDE_SOURCE;
				MTL_FAST_MATH = YES;
				ONLY_ACTIVE_ARCH = YES;
				SDKROOT = iphoneos;
				SWIFT_ACTIVE_COMPILATION_CONDITIONS = DEBUG;
				SWIFT_OPTIMIZATION_LEVEL = "-Onone";
			};
			name = Debug;
		};
		854654E12AB5049C00A14773 /* Release */ = {
			isa = XCBuildConfiguration;
			buildSettings = {
				ALWAYS_SEARCH_USER_PATHS = NO;
				CLANG_ANALYZER_NONNULL = YES;
				CLANG_ANALYZER_NUMBER_OBJECT_CONVERSION = YES_AGGRESSIVE;
				CLANG_CXX_LANGUAGE_STANDARD = "gnu++20";
				CLANG_ENABLE_MODULES = YES;
				CLANG_ENABLE_OBJC_ARC = YES;
				CLANG_ENABLE_OBJC_WEAK = YES;
				CLANG_WARN_BLOCK_CAPTURE_AUTORELEASING = YES;
				CLANG_WARN_BOOL_CONVERSION = YES;
				CLANG_WARN_COMMA = YES;
				CLANG_WARN_CONSTANT_CONVERSION = YES;
				CLANG_WARN_DEPRECATED_OBJC_IMPLEMENTATIONS = YES;
				CLANG_WARN_DIRECT_OBJC_ISA_USAGE = YES_ERROR;
				CLANG_WARN_DOCUMENTATION_COMMENTS = YES;
				CLANG_WARN_EMPTY_BODY = YES;
				CLANG_WARN_ENUM_CONVERSION = YES;
				CLANG_WARN_INFINITE_RECURSION = YES;
				CLANG_WARN_INT_CONVERSION = YES;
				CLANG_WARN_NON_LITERAL_NULL_CONVERSION = YES;
				CLANG_WARN_OBJC_IMPLICIT_RETAIN_SELF = YES;
				CLANG_WARN_OBJC_LITERAL_CONVERSION = YES;
				CLANG_WARN_OBJC_ROOT_CLASS = YES_ERROR;
				CLANG_WARN_QUOTED_INCLUDE_IN_FRAMEWORK_HEADER = YES;
				CLANG_WARN_RANGE_LOOP_ANALYSIS = YES;
				CLANG_WARN_STRICT_PROTOTYPES = YES;
				CLANG_WARN_SUSPICIOUS_MOVE = YES;
				CLANG_WARN_UNGUARDED_AVAILABILITY = YES_AGGRESSIVE;
				CLANG_WARN_UNREACHABLE_CODE = YES;
				CLANG_WARN__DUPLICATE_METHOD_MATCH = YES;
				COPY_PHASE_STRIP = NO;
				DEBUG_INFORMATION_FORMAT = "dwarf-with-dsym";
				ENABLE_NS_ASSERTIONS = NO;
				ENABLE_STRICT_OBJC_MSGSEND = YES;
				GCC_C_LANGUAGE_STANDARD = gnu11;
				GCC_NO_COMMON_BLOCKS = YES;
				GCC_WARN_64_TO_32_BIT_CONVERSION = YES;
				GCC_WARN_ABOUT_RETURN_TYPE = YES_ERROR;
				GCC_WARN_UNDECLARED_SELECTOR = YES;
				GCC_WARN_UNINITIALIZED_AUTOS = YES_AGGRESSIVE;
				GCC_WARN_UNUSED_FUNCTION = YES;
				GCC_WARN_UNUSED_VARIABLE = YES;
				IPHONEOS_DEPLOYMENT_TARGET = 16.4;
				MTL_ENABLE_DEBUG_INFO = NO;
				MTL_FAST_MATH = YES;
				SDKROOT = iphoneos;
				SWIFT_COMPILATION_MODE = wholemodule;
				SWIFT_OPTIMIZATION_LEVEL = "-O";
				VALIDATE_PRODUCT = YES;
			};
			name = Release;
		};
		854654E32AB5049C00A14773 /* Debug */ = {
			isa = XCBuildConfiguration;
			baseConfigurationReference = 20FF69D34A464D7B6CC79C99 /* Pods-PhotoShareApp.debug.xcconfig */;
			buildSettings = {
				ASSETCATALOG_COMPILER_APPICON_NAME = AppIcon;
				ASSETCATALOG_COMPILER_GLOBAL_ACCENT_COLOR_NAME = AccentColor;
				CODE_SIGN_STYLE = Automatic;
				CURRENT_PROJECT_VERSION = 1;
				DEVELOPMENT_TEAM = 8N942344B3;
				GENERATE_INFOPLIST_FILE = YES;
				INFOPLIST_FILE = PhotoShareApp/Info.plist;
				INFOPLIST_KEY_UIApplicationSupportsIndirectInputEvents = YES;
				INFOPLIST_KEY_UILaunchStoryboardName = LaunchScreen;
				INFOPLIST_KEY_UIMainStoryboardFile = Main;
				INFOPLIST_KEY_UISupportedInterfaceOrientations_iPad = "UIInterfaceOrientationPortrait UIInterfaceOrientationPortraitUpsideDown UIInterfaceOrientationLandscapeLeft UIInterfaceOrientationLandscapeRight";
				INFOPLIST_KEY_UISupportedInterfaceOrientations_iPhone = "UIInterfaceOrientationPortrait UIInterfaceOrientationLandscapeLeft UIInterfaceOrientationLandscapeRight";
				LD_RUNPATH_SEARCH_PATHS = (
					"$(inherited)",
					"@executable_path/Frameworks",
				);
				MARKETING_VERSION = 1.0;
				PRODUCT_BUNDLE_IDENTIFIER = com.mehmetozkan.PhotoShareApp;
				PRODUCT_NAME = "$(TARGET_NAME)";
				SWIFT_EMIT_LOC_STRINGS = YES;
				SWIFT_VERSION = 5.0;
				TARGETED_DEVICE_FAMILY = "1,2";
			};
			name = Debug;
		};
		854654E42AB5049C00A14773 /* Release */ = {
			isa = XCBuildConfiguration;
			baseConfigurationReference = A8475DCE962A99505BC79CA6 /* Pods-PhotoShareApp.release.xcconfig */;
			buildSettings = {
				ASSETCATALOG_COMPILER_APPICON_NAME = AppIcon;
				ASSETCATALOG_COMPILER_GLOBAL_ACCENT_COLOR_NAME = AccentColor;
				CODE_SIGN_STYLE = Automatic;
				CURRENT_PROJECT_VERSION = 1;
				DEVELOPMENT_TEAM = 8N942344B3;
				GENERATE_INFOPLIST_FILE = YES;
				INFOPLIST_FILE = PhotoShareApp/Info.plist;
				INFOPLIST_KEY_UIApplicationSupportsIndirectInputEvents = YES;
				INFOPLIST_KEY_UILaunchStoryboardName = LaunchScreen;
				INFOPLIST_KEY_UIMainStoryboardFile = Main;
				INFOPLIST_KEY_UISupportedInterfaceOrientations_iPad = "UIInterfaceOrientationPortrait UIInterfaceOrientationPortraitUpsideDown UIInterfaceOrientationLandscapeLeft UIInterfaceOrientationLandscapeRight";
				INFOPLIST_KEY_UISupportedInterfaceOrientations_iPhone = "UIInterfaceOrientationPortrait UIInterfaceOrientationLandscapeLeft UIInterfaceOrientationLandscapeRight";
				LD_RUNPATH_SEARCH_PATHS = (
					"$(inherited)",
					"@executable_path/Frameworks",
				);
				MARKETING_VERSION = 1.0;
				PRODUCT_BUNDLE_IDENTIFIER = com.mehmetozkan.PhotoShareApp;
				PRODUCT_NAME = "$(TARGET_NAME)";
				SWIFT_EMIT_LOC_STRINGS = YES;
				SWIFT_VERSION = 5.0;
				TARGETED_DEVICE_FAMILY = "1,2";
			};
			name = Release;
		};
/* End XCBuildConfiguration section */

/* Begin XCConfigurationList section */
		854654C92AB5049B00A14773 /* Build configuration list for PBXProject "PhotoShareApp" */ = {
			isa = XCConfigurationList;
			buildConfigurations = (
				854654E02AB5049C00A14773 /* Debug */,
				854654E12AB5049C00A14773 /* Release */,
			);
			defaultConfigurationIsVisible = 0;
			defaultConfigurationName = Release;
		};
		854654E22AB5049C00A14773 /* Build configuration list for PBXNativeTarget "PhotoShareApp" */ = {
			isa = XCConfigurationList;
			buildConfigurations = (
				854654E32AB5049C00A14773 /* Debug */,
				854654E42AB5049C00A14773 /* Release */,
			);
			defaultConfigurationIsVisible = 0;
			defaultConfigurationName = Release;
		};
/* End XCConfigurationList section */

/* Begin XCRemoteSwiftPackageReference section */
		85B9D1422AB5A29900FBF004 /* XCRemoteSwiftPackageReference "firebase-ios-sdk" */ = {
			isa = XCRemoteSwiftPackageReference;
			repositoryURL = "https://github.com/firebase/firebase-ios-sdk.git";
			requirement = {
				kind = exactVersion;
				version = 10.15.0;
			};
		};
/* End XCRemoteSwiftPackageReference section */

/* Begin XCSwiftPackageProductDependency section */
		85B9D1432AB5A29900FBF004 /* FirebaseAuth */ = {
			isa = XCSwiftPackageProductDependency;
			package = 85B9D1422AB5A29900FBF004 /* XCRemoteSwiftPackageReference "firebase-ios-sdk" */;
			productName = FirebaseAuth;
		};
		85B9D1452AB5A29900FBF004 /* FirebaseFirestore */ = {
			isa = XCSwiftPackageProductDependency;
			package = 85B9D1422AB5A29900FBF004 /* XCRemoteSwiftPackageReference "firebase-ios-sdk" */;
			productName = FirebaseFirestore;
		};
		85B9D1472AB5A29900FBF004 /* FirebaseStorage */ = {
			isa = XCSwiftPackageProductDependency;
			package = 85B9D1422AB5A29900FBF004 /* XCRemoteSwiftPackageReference "firebase-ios-sdk" */;
			productName = FirebaseStorage;
		};
/* End XCSwiftPackageProductDependency section */
	};
	rootObject = 854654C62AB5049B00A14773 /* Project object */;
}
