// !$*UTF8*$!
{
	archiveVersion = 1;
	classes = {
	};
	objectVersion = 56;
	objects = {

/* Begin PBXBuildFile section */
		854654AD2AB472B100A14773 /* AppDelegate.swift in Sources */ = {isa = PBXBuildFile; fileRef = 854654AC2AB472B100A14773 /* AppDelegate.swift */; };
		854654AF2AB472B100A14773 /* SceneDelegate.swift in Sources */ = {isa = PBXBuildFile; fileRef = 854654AE2AB472B100A14773 /* SceneDelegate.swift */; };
		854654B12AB472B100A14773 /* ViewController.swift in Sources */ = {isa = PBXBuildFile; fileRef = 854654B02AB472B100A14773 /* ViewController.swift */; };
		854654B42AB472B100A14773 /* Main.storyboard in Resources */ = {isa = PBXBuildFile; fileRef = 854654B22AB472B100A14773 /* Main.storyboard */; };
		854654B72AB472B100A14773 /* ShoppingStoreAppCoreData.xcdatamodeld in Sources */ = {isa = PBXBuildFile; fileRef = 854654B52AB472B100A14773 /* ShoppingStoreAppCoreData.xcdatamodeld */; };
		854654B92AB472B200A14773 /* Assets.xcassets in Resources */ = {isa = PBXBuildFile; fileRef = 854654B82AB472B200A14773 /* Assets.xcassets */; };
		854654BC2AB472B200A14773 /* LaunchScreen.storyboard in Resources */ = {isa = PBXBuildFile; fileRef = 854654BA2AB472B200A14773 /* LaunchScreen.storyboard */; };
		854654C42AB47DF500A14773 /* DetailsViewController.swift in Sources */ = {isa = PBXBuildFile; fileRef = 854654C32AB47DF500A14773 /* DetailsViewController.swift */; };
/* End PBXBuildFile section */

/* Begin PBXFileReference section */
		854654A92AB472B100A14773 /* ShoppingStoreAppCoreData.app */ = {isa = PBXFileReference; explicitFileType = wrapper.application; includeInIndex = 0; path = ShoppingStoreAppCoreData.app; sourceTree = BUILT_PRODUCTS_DIR; };
		854654AC2AB472B100A14773 /* AppDelegate.swift */ = {isa = PBXFileReference; lastKnownFileType = sourcecode.swift; path = AppDelegate.swift; sourceTree = "<group>"; };
		854654AE2AB472B100A14773 /* SceneDelegate.swift */ = {isa = PBXFileReference; lastKnownFileType = sourcecode.swift; path = SceneDelegate.swift; sourceTree = "<group>"; };
		854654B02AB472B100A14773 /* ViewController.swift */ = {isa = PBXFileReference; lastKnownFileType = sourcecode.swift; path = ViewController.swift; sourceTree = "<group>"; };
		854654B32AB472B100A14773 /* Base */ = {isa = PBXFileReference; lastKnownFileType = file.storyboard; name = Base; path = Base.lproj/Main.storyboard; sourceTree = "<group>"; };
		854654B62AB472B100A14773 /* ShoppingStoreAppCoreData.xcdatamodel */ = {isa = PBXFileReference; lastKnownFileType = wrapper.xcdatamodel; path = ShoppingStoreAppCoreData.xcdatamodel; sourceTree = "<group>"; };
		854654B82AB472B200A14773 /* Assets.xcassets */ = {isa = PBXFileReference; lastKnownFileType = folder.assetcatalog; path = Assets.xcassets; sourceTree = "<group>"; };
		854654BB2AB472B200A14773 /* Base */ = {isa = PBXFileReference; lastKnownFileType = file.storyboard; name = Base; path = Base.lproj/LaunchScreen.storyboard; sourceTree = "<group>"; };
		854654BD2AB472B200A14773 /* Info.plist */ = {isa = PBXFileReference; lastKnownFileType = text.plist.xml; path = Info.plist; sourceTree = "<group>"; };
		854654C32AB47DF500A14773 /* DetailsViewController.swift */ = {isa = PBXFileReference; lastKnownFileType = sourcecode.swift; path = DetailsViewController.swift; sourceTree = "<group>"; };
/* End PBXFileReference section */

/* Begin PBXFrameworksBuildPhase section */
		854654A62AB472B100A14773 /* Frameworks */ = {
			isa = PBXFrameworksBuildPhase;
			buildActionMask = 2147483647;
			files = (
			);
			runOnlyForDeploymentPostprocessing = 0;
		};
/* End PBXFrameworksBuildPhase section */

/* Begin PBXGroup section */
		854654A02AB472B100A14773 = {
			isa = PBXGroup;
			children = (
				854654AB2AB472B100A14773 /* ShoppingStoreAppCoreData */,
				854654AA2AB472B100A14773 /* Products */,
			);
			sourceTree = "<group>";
		};
		854654AA2AB472B100A14773 /* Products */ = {
			isa = PBXGroup;
			children = (
				854654A92AB472B100A14773 /* ShoppingStoreAppCoreData.app */,
			);
			name = Products;
			sourceTree = "<group>";
		};
		854654AB2AB472B100A14773 /* ShoppingStoreAppCoreData */ = {
			isa = PBXGroup;
			children = (
				854654AC2AB472B100A14773 /* AppDelegate.swift */,
				854654AE2AB472B100A14773 /* SceneDelegate.swift */,
				854654B02AB472B100A14773 /* ViewController.swift */,
				854654B22AB472B100A14773 /* Main.storyboard */,
				854654B82AB472B200A14773 /* Assets.xcassets */,
				854654BA2AB472B200A14773 /* LaunchScreen.storyboard */,
				854654BD2AB472B200A14773 /* Info.plist */,
				854654B52AB472B100A14773 /* ShoppingStoreAppCoreData.xcdatamodeld */,
				854654C32AB47DF500A14773 /* DetailsViewController.swift */,
			);
			path = ShoppingStoreAppCoreData;
			sourceTree = "<group>";
		};
/* End PBXGroup section */

/* Begin PBXNativeTarget section */
		854654A82AB472B100A14773 /* ShoppingStoreAppCoreData */ = {
			isa = PBXNativeTarget;
			buildConfigurationList = 854654C02AB472B200A14773 /* Build configuration list for PBXNativeTarget "ShoppingStoreAppCoreData" */;
			buildPhases = (
				854654A52AB472B100A14773 /* Sources */,
				854654A62AB472B100A14773 /* Frameworks */,
				854654A72AB472B100A14773 /* Resources */,
			);
			buildRules = (
			);
			dependencies = (
			);
			name = ShoppingStoreAppCoreData;
			productName = ShoppingStoreAppCoreData;
			productReference = 854654A92AB472B100A14773 /* ShoppingStoreAppCoreData.app */;
			productType = "com.apple.product-type.application";
		};
/* End PBXNativeTarget section */

/* Begin PBXProject section */
		854654A12AB472B100A14773 /* Project object */ = {
			isa = PBXProject;
			attributes = {
				BuildIndependentTargetsInParallel = 1;
				LastSwiftUpdateCheck = 1430;
				LastUpgradeCheck = 1430;
				TargetAttributes = {
					854654A82AB472B100A14773 = {
						CreatedOnToolsVersion = 14.3.1;
					};
				};
			};
			buildConfigurationList = 854654A42AB472B100A14773 /* Build configuration list for PBXProject "ShoppingStoreAppCoreData" */;
			compatibilityVersion = "Xcode 14.0";
			developmentRegion = en;
			hasScannedForEncodings = 0;
			knownRegions = (
				en,
				Base,
			);
			mainGroup = 854654A02AB472B100A14773;
			productRefGroup = 854654AA2AB472B100A14773 /* Products */;
			projectDirPath = "";
			projectRoot = "";
			targets = (
				854654A82AB472B100A14773 /* ShoppingStoreAppCoreData */,
			);
		};
/* End PBXProject section */

/* Begin PBXResourcesBuildPhase section */
		854654A72AB472B100A14773 /* Resources */ = {
			isa = PBXResourcesBuildPhase;
			buildActionMask = 2147483647;
			files = (
				854654BC2AB472B200A14773 /* LaunchScreen.storyboard in Resources */,
				854654B92AB472B200A14773 /* Assets.xcassets in Resources */,
				854654B42AB472B100A14773 /* Main.storyboard in Resources */,
			);
			runOnlyForDeploymentPostprocessing = 0;
		};
/* End PBXResourcesBuildPhase section */

/* Begin PBXSourcesBuildPhase section */
		854654A52AB472B100A14773 /* Sources */ = {
			isa = PBXSourcesBuildPhase;
			buildActionMask = 2147483647;
			files = (
				854654B12AB472B100A14773 /* ViewController.swift in Sources */,
				854654AD2AB472B100A14773 /* AppDelegate.swift in Sources */,
				854654B72AB472B100A14773 /* ShoppingStoreAppCoreData.xcdatamodeld in Sources */,
				854654AF2AB472B100A14773 /* SceneDelegate.swift in Sources */,
				854654C42AB47DF500A14773 /* DetailsViewController.swift in Sources */,
			);
			runOnlyForDeploymentPostprocessing = 0;
		};
/* End PBXSourcesBuildPhase section */

/* Begin PBXVariantGroup section */
		854654B22AB472B100A14773 /* Main.storyboard */ = {
			isa = PBXVariantGroup;
			children = (
				854654B32AB472B100A14773 /* Base */,
			);
			name = Main.storyboard;
			sourceTree = "<group>";
		};
		854654BA2AB472B200A14773 /* LaunchScreen.storyboard */ = {
			isa = PBXVariantGroup;
			children = (
				854654BB2AB472B200A14773 /* Base */,
			);
			name = LaunchScreen.storyboard;
			sourceTree = "<group>";
		};
/* End PBXVariantGroup section */

/* Begin XCBuildConfiguration section */
		854654BE2AB472B200A14773 /* Debug */ = {
			isa = XCBuildConfiguration;
			buildSettings = {
				ALWAYS_SEARCH_USER_PATHS = NO;
				CLANG_ANALYZER_NONNULL = YES;
				CLANG_ANALYZER_NUMBER_OBJECT_CONVERSION = YES_AGGRESSIVE;
				CLANG_CXX_LANGUAGE_STANDARD = "gnu++20";
				CLANG_ENABLE_MODULES = YES;
				CLANG_ENABLE_OBJC_ARC = YES;
				CLANG_ENABLE_OBJC_WEAK = YES;
				CLANG_WARN_BLOCK_CAPTURE_AUTORELEASING = YES;
				CLANG_WARN_BOOL_CONVERSION = YES;
				CLANG_WARN_COMMA = YES;
				CLANG_WARN_CONSTANT_CONVERSION = YES;
				CLANG_WARN_DEPRECATED_OBJC_IMPLEMENTATIONS = YES;
				CLANG_WARN_DIRECT_OBJC_ISA_USAGE = YES_ERROR;
				CLANG_WARN_DOCUMENTATION_COMMENTS = YES;
				CLANG_WARN_EMPTY_BODY = YES;
				CLANG_WARN_ENUM_CONVERSION = YES;
				CLANG_WARN_INFINITE_RECURSION = YES;
				CLANG_WARN_INT_CONVERSION = YES;
				CLANG_WARN_NON_LITERAL_NULL_CONVERSION = YES;
				CLANG_WARN_OBJC_IMPLICIT_RETAIN_SELF = YES;
				CLANG_WARN_OBJC_LITERAL_CONVERSION = YES;
				CLANG_WARN_OBJC_ROOT_CLASS = YES_ERROR;
				CLANG_WARN_QUOTED_INCLUDE_IN_FRAMEWORK_HEADER = YES;
				CLANG_WARN_RANGE_LOOP_ANALYSIS = YES;
				CLANG_WARN_STRICT_PROTOTYPES = YES;
				CLANG_WARN_SUSPICIOUS_MOVE = YES;
				CLANG_WARN_UNGUARDED_AVAILABILITY = YES_AGGRESSIVE;
				CLANG_WARN_UNREACHABLE_CODE = YES;
				CLANG_WARN__DUPLICATE_METHOD_MATCH = YES;
				COPY_PHASE_STRIP = NO;
				DEBUG_INFORMATION_FORMAT = dwarf;
				ENABLE_STRICT_OBJC_MSGSEND = YES;
				ENABLE_TESTABILITY = YES;
				GCC_C_LANGUAGE_STANDARD = gnu11;
				GCC_DYNAMIC_NO_PIC = NO;
				GCC_NO_COMMON_BLOCKS = YES;
				GCC_OPTIMIZATION_LEVEL = 0;
				GCC_PREPROCESSOR_DEFINITIONS = (
					"DEBUG=1",
					"$(inherited)",
				);
				GCC_WARN_64_TO_32_BIT_CONVERSION = YES;
				GCC_WARN_ABOUT_RETURN_TYPE = YES_ERROR;
				GCC_WARN_UNDECLARED_SELECTOR = YES;
				GCC_WARN_UNINITIALIZED_AUTOS = YES_AGGRESSIVE;
				GCC_WARN_UNUSED_FUNCTION = YES;
				GCC_WARN_UNUSED_VARIABLE = YES;
				IPHONEOS_DEPLOYMENT_TARGET = 16.4;
				MTL_ENABLE_DEBUG_INFO = INCLUDE_SOURCE;
				MTL_FAST_MATH = YES;
				ONLY_ACTIVE_ARCH = YES;
				SDKROOT = iphoneos;
				SWIFT_ACTIVE_COMPILATION_CONDITIONS = DEBUG;
				SWIFT_OPTIMIZATION_LEVEL = "-Onone";
			};
			name = Debug;
		};
		854654BF2AB472B200A14773 /* Release */ = {
			isa = XCBuildConfiguration;
			buildSettings = {
				ALWAYS_SEARCH_USER_PATHS = NO;
				CLANG_ANALYZER_NONNULL = YES;
				CLANG_ANALYZER_NUMBER_OBJECT_CONVERSION = YES_AGGRESSIVE;
				CLANG_CXX_LANGUAGE_STANDARD = "gnu++20";
				CLANG_ENABLE_MODULES = YES;
				CLANG_ENABLE_OBJC_ARC = YES;
				CLANG_ENABLE_OBJC_WEAK = YES;
				CLANG_WARN_BLOCK_CAPTURE_AUTORELEASING = YES;
				CLANG_WARN_BOOL_CONVERSION = YES;
				CLANG_WARN_COMMA = YES;
				CLANG_WARN_CONSTANT_CONVERSION = YES;
				CLANG_WARN_DEPRECATED_OBJC_IMPLEMENTATIONS = YES;
				CLANG_WARN_DIRECT_OBJC_ISA_USAGE = YES_ERROR;
				CLANG_WARN_DOCUMENTATION_COMMENTS = YES;
				CLANG_WARN_EMPTY_BODY = YES;
				CLANG_WARN_ENUM_CONVERSION = YES;
				CLANG_WARN_INFINITE_RECURSION = YES;
				CLANG_WARN_INT_CONVERSION = YES;
				CLANG_WARN_NON_LITERAL_NULL_CONVERSION = YES;
				CLANG_WARN_OBJC_IMPLICIT_RETAIN_SELF = YES;
				CLANG_WARN_OBJC_LITERAL_CONVERSION = YES;
				CLANG_WARN_OBJC_ROOT_CLASS = YES_ERROR;
				CLANG_WARN_QUOTED_INCLUDE_IN_FRAMEWORK_HEADER = YES;
				CLANG_WARN_RANGE_LOOP_ANALYSIS = YES;
				CLANG_WARN_STRICT_PROTOTYPES = YES;
				CLANG_WARN_SUSPICIOUS_MOVE = YES;
				CLANG_WARN_UNGUARDED_AVAILABILITY = YES_AGGRESSIVE;
				CLANG_WARN_UNREACHABLE_CODE = YES;
				CLANG_WARN__DUPLICATE_METHOD_MATCH = YES;
				COPY_PHASE_STRIP = NO;
				DEBUG_INFORMATION_FORMAT = "dwarf-with-dsym";
				ENABLE_NS_ASSERTIONS = NO;
				ENABLE_STRICT_OBJC_MSGSEND = YES;
				GCC_C_LANGUAGE_STANDARD = gnu11;
				GCC_NO_COMMON_BLOCKS = YES;
				GCC_WARN_64_TO_32_BIT_CONVERSION = YES;
				GCC_WARN_ABOUT_RETURN_TYPE = YES_ERROR;
				GCC_WARN_UNDECLARED_SELECTOR = YES;
				GCC_WARN_UNINITIALIZED_AUTOS = YES_AGGRESSIVE;
				GCC_WARN_UNUSED_FUNCTION = YES;
				GCC_WARN_UNUSED_VARIABLE = YES;
				IPHONEOS_DEPLOYMENT_TARGET = 16.4;
				MTL_ENABLE_DEBUG_INFO = NO;
				MTL_FAST_MATH = YES;
				SDKROOT = iphoneos;
				SWIFT_COMPILATION_MODE = wholemodule;
				SWIFT_OPTIMIZATION_LEVEL = "-O";
				VALIDATE_PRODUCT = YES;
			};
			name = Release;
		};
		854654C12AB472B200A14773 /* Debug */ = {
			isa = XCBuildConfiguration;
			buildSettings = {
				ASSETCATALOG_COMPILER_APPICON_NAME = AppIcon;
				ASSETCATALOG_COMPILER_GLOBAL_ACCENT_COLOR_NAME = AccentColor;
				CODE_SIGN_STYLE = Automatic;
				CURRENT_PROJECT_VERSION = 1;
				DEVELOPMENT_TEAM = 8N942344B3;
				GENERATE_INFOPLIST_FILE = YES;
				INFOPLIST_FILE = ShoppingStoreAppCoreData/Info.plist;
				INFOPLIST_KEY_UIApplicationSupportsIndirectInputEvents = YES;
				INFOPLIST_KEY_UILaunchStoryboardName = LaunchScreen;
				INFOPLIST_KEY_UIMainStoryboardFile = Main;
				INFOPLIST_KEY_UISupportedInterfaceOrientations_iPad = "UIInterfaceOrientationPortrait UIInterfaceOrientationPortraitUpsideDown UIInterfaceOrientationLandscapeLeft UIInterfaceOrientationLandscapeRight";
				INFOPLIST_KEY_UISupportedInterfaceOrientations_iPhone = "UIInterfaceOrientationPortrait UIInterfaceOrientationLandscapeLeft UIInterfaceOrientationLandscapeRight";
				LD_RUNPATH_SEARCH_PATHS = (
					"$(inherited)",
					"@executable_path/Frameworks",
				);
				MARKETING_VERSION = 1.0;
				PRODUCT_BUNDLE_IDENTIFIER = com.mehmetozkan.ShoppingStoreAppCoreData;
				PRODUCT_NAME = "$(TARGET_NAME)";
				SWIFT_EMIT_LOC_STRINGS = YES;
				SWIFT_VERSION = 5.0;
				TARGETED_DEVICE_FAMILY = "1,2";
			};
			name = Debug;
		};
		854654C22AB472B200A14773 /* Release */ = {
			isa = XCBuildConfiguration;
			buildSettings = {
				ASSETCATALOG_COMPILER_APPICON_NAME = AppIcon;
				ASSETCATALOG_COMPILER_GLOBAL_ACCENT_COLOR_NAME = AccentColor;
				CODE_SIGN_STYLE = Automatic;
				CURRENT_PROJECT_VERSION = 1;
				DEVELOPMENT_TEAM = 8N942344B3;
				GENERATE_INFOPLIST_FILE = YES;
				INFOPLIST_FILE = ShoppingStoreAppCoreData/Info.plist;
				INFOPLIST_KEY_UIApplicationSupportsIndirectInputEvents = YES;
				INFOPLIST_KEY_UILaunchStoryboardName = LaunchScreen;
				INFOPLIST_KEY_UIMainStoryboardFile = Main;
				INFOPLIST_KEY_UISupportedInterfaceOrientations_iPad = "UIInterfaceOrientationPortrait UIInterfaceOrientationPortraitUpsideDown UIInterfaceOrientationLandscapeLeft UIInterfaceOrientationLandscapeRight";
				INFOPLIST_KEY_UISupportedInterfaceOrientations_iPhone = "UIInterfaceOrientationPortrait UIInterfaceOrientationLandscapeLeft UIInterfaceOrientationLandscapeRight";
				LD_RUNPATH_SEARCH_PATHS = (
					"$(inherited)",
					"@executable_path/Frameworks",
				);
				MARKETING_VERSION = 1.0;
				PRODUCT_BUNDLE_IDENTIFIER = com.mehmetozkan.ShoppingStoreAppCoreData;
				PRODUCT_NAME = "$(TARGET_NAME)";
				SWIFT_EMIT_LOC_STRINGS = YES;
				SWIFT_VERSION = 5.0;
				TARGETED_DEVICE_FAMILY = "1,2";
			};
			name = Release;
		};
/* End XCBuildConfiguration section */

/* Begin XCConfigurationList section */
		854654A42AB472B100A14773 /* Build configuration list for PBXProject "ShoppingStoreAppCoreData" */ = {
			isa = XCConfigurationList;
			buildConfigurations = (
				854654BE2AB472B200A14773 /* Debug */,
				854654BF2AB472B200A14773 /* Release */,
			);
			defaultConfigurationIsVisible = 0;
			defaultConfigurationName = Release;
		};
		854654C02AB472B200A14773 /* Build configuration list for PBXNativeTarget "ShoppingStoreAppCoreData" */ = {
			isa = XCConfigurationList;
			buildConfigurations = (
				854654C12AB472B200A14773 /* Debug */,
				854654C22AB472B200A14773 /* Release */,
			);
			defaultConfigurationIsVisible = 0;
			defaultConfigurationName = Release;
		};
/* End XCConfigurationList section */

/* Begin XCVersionGroup section */
		854654B52AB472B100A14773 /* ShoppingStoreAppCoreData.xcdatamodeld */ = {
			isa = XCVersionGroup;
			children = (
				854654B62AB472B100A14773 /* ShoppingStoreAppCoreData.xcdatamodel */,
			);
			currentVersion = 854654B62AB472B100A14773 /* ShoppingStoreAppCoreData.xcdatamodel */;
			path = ShoppingStoreAppCoreData.xcdatamodeld;
			sourceTree = "<group>";
			versionGroupType = wrapper.xcdatamodel;
		};
/* End XCVersionGroup section */
	};
	rootObject = 854654A12AB472B100A14773 /* Project object */;
}
